
Microsoft Visual Studio Solution File, Format Version 12.00
# Visual Studio Version 17
VisualStudioVersion = 17.4.33103.184
MinimumVisualStudioVersion = 10.0.40219.1
Project("{2150E333-8FDC-42A3-9474-1A3956D46DE8}") = "Adapters", "Adapters", "{1A864C11-1B6B-4219-BF6B-0B464BA67489}"
EndProject
Project("{2150E333-8FDC-42A3-9474-1A3956D46DE8}") = "Driving", "Driving", "{BD3CFA8B-F6BF-4747-9EEF-B067529773E4}"
EndProject
Project("{FAE04EC0-301F-11D3-BF4B-00C04F79EFBC}") = "API", "API\API.csproj", "{CFBFE3B9-3717-4AFB-A39D-78894538C7C8}"
EndProject
Global
	GlobalSection(SolutionConfigurationPlatforms) = preSolution
		Debug|Any CPU = Debug|Any CPU
		Release|Any CPU = Release|Any CPU
	EndGlobalSection
	GlobalSection(ProjectConfigurationPlatforms) = postSolution
		{CFBFE3B9-3717-4AFB-A39D-78894538C7C8}.Debug|Any CPU.ActiveCfg = Debug|Any CPU
		{CFBFE3B9-3717-4AFB-A39D-78894538C7C8}.Debug|Any CPU.Build.0 = Debug|Any CPU
		{CFBFE3B9-3717-4AFB-A39D-78894538C7C8}.Release|Any CPU.ActiveCfg = Release|Any CPU
		{CFBFE3B9-3717-4AFB-A39D-78894538C7C8}.Release|Any CPU.Build.0 = Release|Any CPU
	EndGlobalSection
	GlobalSection(SolutionProperties) = preSolution
		HideSolutionNode = FALSE
	EndGlobalSection
	GlobalSection(NestedProjects) = preSolution
		{BD3CFA8B-F6BF-4747-9EEF-B067529773E4} = {1A864C11-1B6B-4219-BF6B-0B464BA67489}
		{CFBFE3B9-3717-4AFB-A39D-78894538C7C8} = {BD3CFA8B-F6BF-4747-9EEF-B067529773E4}
	EndGlobalSection
	GlobalSection(ExtensibilityGlobals) = postSolution
		SolutionGuid = {EE5AC3FB-F787-490F-8DFB-0744DB7E9D3A}
	EndGlobalSection
EndGlobal
