
Microsoft Visual Studio Solution File, Format Version 12.00
# Visual Studio Version 17
VisualStudioVersion = 17.4.33103.184
MinimumVisualStudioVersion = 10.0.40219.1
Project("{2150E333-8FDC-42A3-9474-1A3956D46DE8}") = "Adapters", "Adapters", "{1A864C11-1B6B-4219-BF6B-0B464BA67489}"
EndProject
Project("{2150E333-8FDC-42A3-9474-1A3956D46DE8}") = "Driving", "Driving", "{BD3CFA8B-F6BF-4747-9EEF-B067529773E4}"
EndProject
Project("{9A19103F-16F7-4668-BE54-9A1E7A4F7556}") = "API", "API\API.csproj", "{CFBFE3B9-3717-4AFB-A39D-78894538C7C8}"
EndProject
Project("{2150E333-8FDC-42A3-9474-1A3956D46DE8}") = "Driven", "Driven", "{74144952-A2E0-425E-912B-84CC7ECF351A}"
EndProject
Project("{FAE04EC0-301F-11D3-BF4B-00C04F79EFBC}") = "Infra.DataBase", "Infra.DataBase\Infra.DataBase.csproj", "{E4BCAD7A-A631-49B7-8E16-954D0F8BCBE3}"
EndProject
Project("{2150E333-8FDC-42A3-9474-1A3956D46DE8}") = "Core", "Core", "{A182EEA5-1B7A-4C9A-957C-2FB2372576D0}"
EndProject
Project("{FAE04EC0-301F-11D3-BF4B-00C04F79EFBC}") = "Domain", "Domain\Domain.csproj", "{997D5808-8901-4C48-9DA6-B5ED9738F22F}"
EndProject
Project("{FAE04EC0-301F-11D3-BF4B-00C04F79EFBC}") = "Application", "Application\Application.csproj", "{CDBF919D-5A35-4E19-B503-BACD47B921BD}"
EndProject
Project("{2150E333-8FDC-42A3-9474-1A3956D46DE8}") = "Tests", "Tests", "{DCA5756F-F196-44F3-829D-C207B2EDD928}"
EndProject
Project("{FAE04EC0-301F-11D3-BF4B-00C04F79EFBC}") = "Tests", "Tests\Tests.csproj", "{B46A395B-4BFB-49E4-8DF5-C8493B802B02}"
EndProject
Global
	GlobalSection(SolutionConfigurationPlatforms) = preSolution
		Debug|Any CPU = Debug|Any CPU
		Release|Any CPU = Release|Any CPU
	EndGlobalSection
	GlobalSection(ProjectConfigurationPlatforms) = postSolution
		{CFBFE3B9-3717-4AFB-A39D-78894538C7C8}.Debug|Any CPU.ActiveCfg = Debug|Any CPU
		{CFBFE3B9-3717-4AFB-A39D-78894538C7C8}.Debug|Any CPU.Build.0 = Debug|Any CPU
		{CFBFE3B9-3717-4AFB-A39D-78894538C7C8}.Release|Any CPU.ActiveCfg = Release|Any CPU
		{CFBFE3B9-3717-4AFB-A39D-78894538C7C8}.Release|Any CPU.Build.0 = Release|Any CPU
		{E4BCAD7A-A631-49B7-8E16-954D0F8BCBE3}.Debug|Any CPU.ActiveCfg = Debug|Any CPU
		{E4BCAD7A-A631-49B7-8E16-954D0F8BCBE3}.Debug|Any CPU.Build.0 = Debug|Any CPU
		{E4BCAD7A-A631-49B7-8E16-954D0F8BCBE3}.Release|Any CPU.ActiveCfg = Release|Any CPU
		{E4BCAD7A-A631-49B7-8E16-954D0F8BCBE3}.Release|Any CPU.Build.0 = Release|Any CPU
		{997D5808-8901-4C48-9DA6-B5ED9738F22F}.Debug|Any CPU.ActiveCfg = Debug|Any CPU
		{997D5808-8901-4C48-9DA6-B5ED9738F22F}.Debug|Any CPU.Build.0 = Debug|Any CPU
		{997D5808-8901-4C48-9DA6-B5ED9738F22F}.Release|Any CPU.ActiveCfg = Release|Any CPU
		{997D5808-8901-4C48-9DA6-B5ED9738F22F}.Release|Any CPU.Build.0 = Release|Any CPU
		{CDBF919D-5A35-4E19-B503-BACD47B921BD}.Debug|Any CPU.ActiveCfg = Debug|Any CPU
		{CDBF919D-5A35-4E19-B503-BACD47B921BD}.Debug|Any CPU.Build.0 = Debug|Any CPU
		{CDBF919D-5A35-4E19-B503-BACD47B921BD}.Release|Any CPU.ActiveCfg = Release|Any CPU
		{CDBF919D-5A35-4E19-B503-BACD47B921BD}.Release|Any CPU.Build.0 = Release|Any CPU
		{B46A395B-4BFB-49E4-8DF5-C8493B802B02}.Debug|Any CPU.ActiveCfg = Debug|Any CPU
		{B46A395B-4BFB-49E4-8DF5-C8493B802B02}.Debug|Any CPU.Build.0 = Debug|Any CPU
		{B46A395B-4BFB-49E4-8DF5-C8493B802B02}.Release|Any CPU.ActiveCfg = Release|Any CPU
		{B46A395B-4BFB-49E4-8DF5-C8493B802B02}.Release|Any CPU.Build.0 = Release|Any CPU
	EndGlobalSection
	GlobalSection(SolutionProperties) = preSolution
		HideSolutionNode = FALSE
	EndGlobalSection
	GlobalSection(NestedProjects) = preSolution
		{BD3CFA8B-F6BF-4747-9EEF-B067529773E4} = {1A864C11-1B6B-4219-BF6B-0B464BA67489}
		{CFBFE3B9-3717-4AFB-A39D-78894538C7C8} = {BD3CFA8B-F6BF-4747-9EEF-B067529773E4}
		{74144952-A2E0-425E-912B-84CC7ECF351A} = {1A864C11-1B6B-4219-BF6B-0B464BA67489}
		{E4BCAD7A-A631-49B7-8E16-954D0F8BCBE3} = {74144952-A2E0-425E-912B-84CC7ECF351A}
		{997D5808-8901-4C48-9DA6-B5ED9738F22F} = {A182EEA5-1B7A-4C9A-957C-2FB2372576D0}
		{CDBF919D-5A35-4E19-B503-BACD47B921BD} = {A182EEA5-1B7A-4C9A-957C-2FB2372576D0}
		{B46A395B-4BFB-49E4-8DF5-C8493B802B02} = {DCA5756F-F196-44F3-829D-C207B2EDD928}
	EndGlobalSection
	GlobalSection(ExtensibilityGlobals) = postSolution
		SolutionGuid = {EE5AC3FB-F787-490F-8DFB-0744DB7E9D3A}
	EndGlobalSection
EndGlobal
